// !$*UTF8*$!
{
	archiveVersion = 1;
	classes = {
	};
	objectVersion = 50;
	objects = {

/* Begin PBXBuildFile section */
		F5305E782239B3E600881916 /* AppDelegate.swift in Sources */ = {isa = PBXBuildFile; fileRef = F5305E772239B3E600881916 /* AppDelegate.swift */; };
		F5305E7A2239B3E600881916 /* ViewController.swift in Sources */ = {isa = PBXBuildFile; fileRef = F5305E792239B3E600881916 /* ViewController.swift */; };
		F5305E7D2239B3E600881916 /* Main.storyboard in Resources */ = {isa = PBXBuildFile; fileRef = F5305E7B2239B3E600881916 /* Main.storyboard */; };
		F5305E7F2239B3E800881916 /* Assets.xcassets in Resources */ = {isa = PBXBuildFile; fileRef = F5305E7E2239B3E800881916 /* Assets.xcassets */; };
		F5305E822239B3E800881916 /* LaunchScreen.storyboard in Resources */ = {isa = PBXBuildFile; fileRef = F5305E802239B3E800881916 /* LaunchScreen.storyboard */; };
		F5305E8B2239B52700881916 /* PDFKit.framework in Frameworks */ = {isa = PBXBuildFile; fileRef = F5305E8A2239B52700881916 /* PDFKit.framework */; };
		F5305E8F2239DA5700881916 /* pdf_sample.pdf in Resources */ = {isa = PBXBuildFile; fileRef = F5305E8E2239DA5700881916 /* pdf_sample.pdf */; };
/* End PBXBuildFile section */

/* Begin PBXFileReference section */
		F5305E742239B3E600881916 /* PDFKitSampler-iOS.app */ = {isa = PBXFileReference; explicitFileType = wrapper.application; includeInIndex = 0; path = "PDFKitSampler-iOS.app"; sourceTree = BUILT_PRODUCTS_DIR; };
		F5305E772239B3E600881916 /* AppDelegate.swift */ = {isa = PBXFileReference; lastKnownFileType = sourcecode.swift; path = AppDelegate.swift; sourceTree = "<group>"; };
		F5305E792239B3E600881916 /* ViewController.swift */ = {isa = PBXFileReference; lastKnownFileType = sourcecode.swift; path = ViewController.swift; sourceTree = "<group>"; };
		F5305E7C2239B3E600881916 /* Base */ = {isa = PBXFileReference; lastKnownFileType = file.storyboard; name = Base; path = Base.lproj/Main.storyboard; sourceTree = "<group>"; };
		F5305E7E2239B3E800881916 /* Assets.xcassets */ = {isa = PBXFileReference; lastKnownFileType = folder.assetcatalog; path = Assets.xcassets; sourceTree = "<group>"; };
		F5305E812239B3E800881916 /* Base */ = {isa = PBXFileReference; lastKnownFileType = file.storyboard; name = Base; path = Base.lproj/LaunchScreen.storyboard; sourceTree = "<group>"; };
		F5305E832239B3E800881916 /* Info.plist */ = {isa = PBXFileReference; lastKnownFileType = text.plist.xml; path = Info.plist; sourceTree = "<group>"; };
		F5305E8A2239B52700881916 /* PDFKit.framework */ = {isa = PBXFileReference; lastKnownFileType = wrapper.framework; name = PDFKit.framework; path = System/Library/Frameworks/PDFKit.framework; sourceTree = SDKROOT; };
		F5305E8E2239DA5700881916 /* pdf_sample.pdf */ = {isa = PBXFileReference; lastKnownFileType = image.pdf; path = pdf_sample.pdf; sourceTree = "<group>"; };
/* End PBXFileReference section */

/* Begin PBXFrameworksBuildPhase section */
		F5305E712239B3E600881916 /* Frameworks */ = {
			isa = PBXFrameworksBuildPhase;
			buildActionMask = 2147483647;
			files = (
				F5305E8B2239B52700881916 /* PDFKit.framework in Frameworks */,
			);
			runOnlyForDeploymentPostprocessing = 0;
		};
/* End PBXFrameworksBuildPhase section */

/* Begin PBXGroup section */
		F5305E6B2239B3E600881916 = {
			isa = PBXGroup;
			children = (
				F5305E762239B3E600881916 /* PDFKitSampler-iOS */,
				F5305E752239B3E600881916 /* Products */,
				F5305E892239B52700881916 /* Frameworks */,
			);
			sourceTree = "<group>";
		};
		F5305E752239B3E600881916 /* Products */ = {
			isa = PBXGroup;
			children = (
				F5305E742239B3E600881916 /* PDFKitSampler-iOS.app */,
			);
			name = Products;
			sourceTree = "<group>";
		};
		F5305E762239B3E600881916 /* PDFKitSampler-iOS */ = {
			isa = PBXGroup;
			children = (
				F5305E772239B3E600881916 /* AppDelegate.swift */,
				F5305E792239B3E600881916 /* ViewController.swift */,
				F5305E7B2239B3E600881916 /* Main.storyboard */,
				F5305E8E2239DA5700881916 /* pdf_sample.pdf */,
				F5305E7E2239B3E800881916 /* Assets.xcassets */,
				F5305E802239B3E800881916 /* LaunchScreen.storyboard */,
				F5305E832239B3E800881916 /* Info.plist */,
			);
			path = "PDFKitSampler-iOS";
			sourceTree = "<group>";
		};
		F5305E892239B52700881916 /* Frameworks */ = {
			isa = PBXGroup;
			children = (
				F5305E8A2239B52700881916 /* PDFKit.framework */,
			);
			name = Frameworks;
			sourceTree = "<group>";
		};
/* End PBXGroup section */

/* Begin PBXNativeTarget section */
		F5305E732239B3E600881916 /* PDFKitSampler-iOS */ = {
			isa = PBXNativeTarget;
			buildConfigurationList = F5305E862239B3E800881916 /* Build configuration list for PBXNativeTarget "PDFKitSampler-iOS" */;
			buildPhases = (
				F5305E702239B3E600881916 /* Sources */,
				F5305E712239B3E600881916 /* Frameworks */,
				F5305E722239B3E600881916 /* Resources */,
			);
			buildRules = (
			);
			dependencies = (
			);
			name = "PDFKitSampler-iOS";
			productName = "PDFKitSampler-iOS";
			productReference = F5305E742239B3E600881916 /* PDFKitSampler-iOS.app */;
			productType = "com.apple.product-type.application";
		};
/* End PBXNativeTarget section */

/* Begin PBXProject section */
		F5305E6C2239B3E600881916 /* Project object */ = {
			isa = PBXProject;
			attributes = {
				LastSwiftUpdateCheck = 1010;
				LastUpgradeCheck = 1010;
				ORGANIZATIONNAME = "Daiki Mochizuki";
				TargetAttributes = {
					F5305E732239B3E600881916 = {
						CreatedOnToolsVersion = 10.1;
					};
				};
			};
			buildConfigurationList = F5305E6F2239B3E600881916 /* Build configuration list for PBXProject "PDFKitSampler-iOS" */;
			compatibilityVersion = "Xcode 9.3";
			developmentRegion = en;
			hasScannedForEncodings = 0;
			knownRegions = (
				en,
				Base,
			);
			mainGroup = F5305E6B2239B3E600881916;
			productRefGroup = F5305E752239B3E600881916 /* Products */;
			projectDirPath = "";
			projectRoot = "";
			targets = (
				F5305E732239B3E600881916 /* PDFKitSampler-iOS */,
			);
		};
/* End PBXProject section */

/* Begin PBXResourcesBuildPhase section */
		F5305E722239B3E600881916 /* Resources */ = {
			isa = PBXResourcesBuildPhase;
			buildActionMask = 2147483647;
			files = (
				F5305E822239B3E800881916 /* LaunchScreen.storyboard in Resources */,
				F5305E8F2239DA5700881916 /* pdf_sample.pdf in Resources */,
				F5305E7F2239B3E800881916 /* Assets.xcassets in Resources */,
				F5305E7D2239B3E600881916 /* Main.storyboard in Resources */,
			);
			runOnlyForDeploymentPostprocessing = 0;
		};
/* End PBXResourcesBuildPhase section */

/* Begin PBXSourcesBuildPhase section */
		F5305E702239B3E600881916 /* Sources */ = {
			isa = PBXSourcesBuildPhase;
			buildActionMask = 2147483647;
			files = (
				F5305E7A2239B3E600881916 /* ViewController.swift in Sources */,
				F5305E782239B3E600881916 /* AppDelegate.swift in Sources */,
			);
			runOnlyForDeploymentPostprocessing = 0;
		};
/* End PBXSourcesBuildPhase section */

/* Begin PBXVariantGroup section */
		F5305E7B2239B3E600881916 /* Main.storyboard */ = {
			isa = PBXVariantGroup;
			children = (
				F5305E7C2239B3E600881916 /* Base */,
			);
			name = Main.storyboard;
			sourceTree = "<group>";
		};
		F5305E802239B3E800881916 /* LaunchScreen.storyboard */ = {
			isa = PBXVariantGroup;
			children = (
				F5305E812239B3E800881916 /* Base */,
			);
			name = LaunchScreen.storyboard;
			sourceTree = "<group>";
		};
/* End PBXVariantGroup section */

/* Begin XCBuildConfiguration section */
		F5305E842239B3E800881916 /* Debug */ = {
			isa = XCBuildConfiguration;
			buildSettings = {
				ALWAYS_SEARCH_USER_PATHS = NO;
				CLANG_ANALYZER_NONNULL = YES;
				CLANG_ANALYZER_NUMBER_OBJECT_CONVERSION = YES_AGGRESSIVE;
				CLANG_CXX_LANGUAGE_STANDARD = "gnu++14";
				CLANG_CXX_LIBRARY = "libc++";
				CLANG_ENABLE_MODULES = YES;
				CLANG_ENABLE_OBJC_ARC = YES;
				CLANG_ENABLE_OBJC_WEAK = YES;
				CLANG_WARN_BLOCK_CAPTURE_AUTORELEASING = YES;
				CLANG_WARN_BOOL_CONVERSION = YES;
				CLANG_WARN_COMMA = YES;
				CLANG_WARN_CONSTANT_CONVERSION = YES;
				CLANG_WARN_DEPRECATED_OBJC_IMPLEMENTATIONS = YES;
				CLANG_WARN_DIRECT_OBJC_ISA_USAGE = YES_ERROR;
				CLANG_WARN_DOCUMENTATION_COMMENTS = YES;
				CLANG_WARN_EMPTY_BODY = YES;
				CLANG_WARN_ENUM_CONVERSION = YES;
				CLANG_WARN_INFINITE_RECURSION = YES;
				CLANG_WARN_INT_CONVERSION = YES;
				CLANG_WARN_NON_LITERAL_NULL_CONVERSION = YES;
				CLANG_WARN_OBJC_IMPLICIT_RETAIN_SELF = YES;
				CLANG_WARN_OBJC_LITERAL_CONVERSION = YES;
				CLANG_WARN_OBJC_ROOT_CLASS = YES_ERROR;
				CLANG_WARN_RANGE_LOOP_ANALYSIS = YES;
				CLANG_WARN_STRICT_PROTOTYPES = YES;
				CLANG_WARN_SUSPICIOUS_MOVE = YES;
				CLANG_WARN_UNGUARDED_AVAILABILITY = YES_AGGRESSIVE;
				CLANG_WARN_UNREACHABLE_CODE = YES;
				CLANG_WARN__DUPLICATE_METHOD_MATCH = YES;
				CODE_SIGN_IDENTITY = "iPhone Developer";
				COPY_PHASE_STRIP = NO;
				DEBUG_INFORMATION_FORMAT = dwarf;
				ENABLE_STRICT_OBJC_MSGSEND = YES;
				ENABLE_TESTABILITY = YES;
				GCC_C_LANGUAGE_STANDARD = gnu11;
				GCC_DYNAMIC_NO_PIC = NO;
				GCC_NO_COMMON_BLOCKS = YES;
				GCC_OPTIMIZATION_LEVEL = 0;
				GCC_PREPROCESSOR_DEFINITIONS = (
					"DEBUG=1",
					"$(inherited)",
				);
				GCC_WARN_64_TO_32_BIT_CONVERSION = YES;
				GCC_WARN_ABOUT_RETURN_TYPE = YES_ERROR;
				GCC_WARN_UNDECLARED_SELECTOR = YES;
				GCC_WARN_UNINITIALIZED_AUTOS = YES_AGGRESSIVE;
				GCC_WARN_UNUSED_FUNCTION = YES;
				GCC_WARN_UNUSED_VARIABLE = YES;
				IPHONEOS_DEPLOYMENT_TARGET = 12.1;
				MTL_ENABLE_DEBUG_INFO = INCLUDE_SOURCE;
				MTL_FAST_MATH = YES;
				ONLY_ACTIVE_ARCH = YES;
				SDKROOT = iphoneos;
				SWIFT_ACTIVE_COMPILATION_CONDITIONS = DEBUG;
				SWIFT_OPTIMIZATION_LEVEL = "-Onone";
			};
			name = Debug;
		};
		F5305E852239B3E800881916 /* Release */ = {
			isa = XCBuildConfiguration;
			buildSettings = {
				ALWAYS_SEARCH_USER_PATHS = NO;
				CLANG_ANALYZER_NONNULL = YES;
				CLANG_ANALYZER_NUMBER_OBJECT_CONVERSION = YES_AGGRESSIVE;
				CLANG_CXX_LANGUAGE_STANDARD = "gnu++14";
				CLANG_CXX_LIBRARY = "libc++";
				CLANG_ENABLE_MODULES = YES;
				CLANG_ENABLE_OBJC_ARC = YES;
				CLANG_ENABLE_OBJC_WEAK = YES;
				CLANG_WARN_BLOCK_CAPTURE_AUTORELEASING = YES;
				CLANG_WARN_BOOL_CONVERSION = YES;
				CLANG_WARN_COMMA = YES;
				CLANG_WARN_CONSTANT_CONVERSION = YES;
				CLANG_WARN_DEPRECATED_OBJC_IMPLEMENTATIONS = YES;
				CLANG_WARN_DIRECT_OBJC_ISA_USAGE = YES_ERROR;
				CLANG_WARN_DOCUMENTATION_COMMENTS = YES;
				CLANG_WARN_EMPTY_BODY = YES;
				CLANG_WARN_ENUM_CONVERSION = YES;
				CLANG_WARN_INFINITE_RECURSION = YES;
				CLANG_WARN_INT_CONVERSION = YES;
				CLANG_WARN_NON_LITERAL_NULL_CONVERSION = YES;
				CLANG_WARN_OBJC_IMPLICIT_RETAIN_SELF = YES;
				CLANG_WARN_OBJC_LITERAL_CONVERSION = YES;
				CLANG_WARN_OBJC_ROOT_CLASS = YES_ERROR;
				CLANG_WARN_RANGE_LOOP_ANALYSIS = YES;
				CLANG_WARN_STRICT_PROTOTYPES = YES;
				CLANG_WARN_SUSPICIOUS_MOVE = YES;
				CLANG_WARN_UNGUARDED_AVAILABILITY = YES_AGGRESSIVE;
				CLANG_WARN_UNREACHABLE_CODE = YES;
				CLANG_WARN__DUPLICATE_METHOD_MATCH = YES;
				CODE_SIGN_IDENTITY = "iPhone Developer";
				COPY_PHASE_STRIP = NO;
				DEBUG_INFORMATION_FORMAT = "dwarf-with-dsym";
				ENABLE_NS_ASSERTIONS = NO;
				ENABLE_STRICT_OBJC_MSGSEND = YES;
				GCC_C_LANGUAGE_STANDARD = gnu11;
				GCC_NO_COMMON_BLOCKS = YES;
				GCC_WARN_64_TO_32_BIT_CONVERSION = YES;
				GCC_WARN_ABOUT_RETURN_TYPE = YES_ERROR;
				GCC_WARN_UNDECLARED_SELECTOR = YES;
				GCC_WARN_UNINITIALIZED_AUTOS = YES_AGGRESSIVE;
				GCC_WARN_UNUSED_FUNCTION = YES;
				GCC_WARN_UNUSED_VARIABLE = YES;
				IPHONEOS_DEPLOYMENT_TARGET = 12.1;
				MTL_ENABLE_DEBUG_INFO = NO;
				MTL_FAST_MATH = YES;
				SDKROOT = iphoneos;
				SWIFT_COMPILATION_MODE = wholemodule;
				SWIFT_OPTIMIZATION_LEVEL = "-O";
				VALIDATE_PRODUCT = YES;
			};
			name = Release;
		};
		F5305E872239B3E800881916 /* Debug */ = {
			isa = XCBuildConfiguration;
			buildSettings = {
				ASSETCATALOG_COMPILER_APPICON_NAME = AppIcon;
				CODE_SIGN_STYLE = Automatic;
				INFOPLIST_FILE = "PDFKitSampler-iOS/Info.plist";
				LD_RUNPATH_SEARCH_PATHS = (
					"$(inherited)",
					"@executable_path/Frameworks",
				);
				PRODUCT_BUNDLE_IDENTIFIER = "com.daikimochizuki.PDFKitSampler-iOS";
				PRODUCT_NAME = "$(TARGET_NAME)";
				SWIFT_VERSION = 4.2;
				TARGETED_DEVICE_FAMILY = "1,2";
			};
			name = Debug;
		};
		F5305E882239B3E800881916 /* Release */ = {
			isa = XCBuildConfiguration;
			buildSettings = {
				ASSETCATALOG_COMPILER_APPICON_NAME = AppIcon;
				CODE_SIGN_STYLE = Automatic;
				INFOPLIST_FILE = "PDFKitSampler-iOS/Info.plist";
				LD_RUNPATH_SEARCH_PATHS = (
					"$(inherited)",
					"@executable_path/Frameworks",
				);
				PRODUCT_BUNDLE_IDENTIFIER = "com.daikimochizuki.PDFKitSampler-iOS";
				PRODUCT_NAME = "$(TARGET_NAME)";
				SWIFT_VERSION = 4.2;
				TARGETED_DEVICE_FAMILY = "1,2";
			};
			name = Release;
		};
/* End XCBuildConfiguration section */

/* Begin XCConfigurationList section */
		F5305E6F2239B3E600881916 /* Build configuration list for PBXProject "PDFKitSampler-iOS" */ = {
			isa = XCConfigurationList;
			buildConfigurations = (
				F5305E842239B3E800881916 /* Debug */,
				F5305E852239B3E800881916 /* Release */,
			);
			defaultConfigurationIsVisible = 0;
			defaultConfigurationName = Release;
		};
		F5305E862239B3E800881916 /* Build configuration list for PBXNativeTarget "PDFKitSampler-iOS" */ = {
			isa = XCConfigurationList;
			buildConfigurations = (
				F5305E872239B3E800881916 /* Debug */,
				F5305E882239B3E800881916 /* Release */,
			);
			defaultConfigurationIsVisible = 0;
			defaultConfigurationName = Release;
		};
/* End XCConfigurationList section */
	};
	rootObject = F5305E6C2239B3E600881916 /* Project object */;
}
